
Microsoft Visual Studio Solution File, Format Version 12.00
# Visual Studio Version 17
VisualStudioVersion = 17.13.35818.85 d17.13
MinimumVisualStudioVersion = 16.0.0.0
Project("{9A19103F-16F7-4668-BE54-9A1E7A4F7556}") = "BeautyCenterFrontend", "BeautyCenterFrontend\BeautyCenterFrontend.csproj", "{01714ADB-2BFE-4C2B-8FC3-3835C83DB6E0}"
EndProject
Project("{9A19103F-16F7-4668-BE54-9A1E7A4F7556}") = "BeautyCenterFrontend.Client", "BeautyCenterFrontend.Client\BeautyCenterFrontend.Client.csproj", "{FA43AB72-94BB-4901-A2E4-B7884E96DB97}"
EndProject
Project("{FAE04EC0-301F-11D3-BF4B-00C04F79EFBC}") = "BeautyCenterApi", "..\BeautyCenterApi\BeautyCenterApi.csproj", "{02C93066-7402-6EEF-B8B4-F2C3530F8B99}"
EndProject
Global
	GlobalSection(SolutionConfigurationPlatforms) = preSolution
		Debug|Any CPU = Debug|Any CPU
		Debug|x64 = Debug|x64
		Debug|x86 = Debug|x86
		Release|Any CPU = Release|Any CPU
		Release|x64 = Release|x64
		Release|x86 = Release|x86
	EndGlobalSection
	GlobalSection(ProjectConfigurationPlatforms) = postSolution
		{01714ADB-2BFE-4C2B-8FC3-3835C83DB6E0}.Debug|Any CPU.ActiveCfg = Debug|Any CPU
		{01714ADB-2BFE-4C2B-8FC3-3835C83DB6E0}.Debug|Any CPU.Build.0 = Debug|Any CPU
		{01714ADB-2BFE-4C2B-8FC3-3835C83DB6E0}.Debug|x64.ActiveCfg = Debug|Any CPU
		{01714ADB-2BFE-4C2B-8FC3-3835C83DB6E0}.Debug|x64.Build.0 = Debug|Any CPU
		{01714ADB-2BFE-4C2B-8FC3-3835C83DB6E0}.Debug|x86.ActiveCfg = Debug|Any CPU
		{01714ADB-2BFE-4C2B-8FC3-3835C83DB6E0}.Debug|x86.Build.0 = Debug|Any CPU
		{01714ADB-2BFE-4C2B-8FC3-3835C83DB6E0}.Release|Any CPU.ActiveCfg = Release|Any CPU
		{01714ADB-2BFE-4C2B-8FC3-3835C83DB6E0}.Release|Any CPU.Build.0 = Release|Any CPU
		{01714ADB-2BFE-4C2B-8FC3-3835C83DB6E0}.Release|x64.ActiveCfg = Release|Any CPU
		{01714ADB-2BFE-4C2B-8FC3-3835C83DB6E0}.Release|x64.Build.0 = Release|Any CPU
		{01714ADB-2BFE-4C2B-8FC3-3835C83DB6E0}.Release|x86.ActiveCfg = Release|Any CPU
		{01714ADB-2BFE-4C2B-8FC3-3835C83DB6E0}.Release|x86.Build.0 = Release|Any CPU
		{FA43AB72-94BB-4901-A2E4-B7884E96DB97}.Debug|Any CPU.ActiveCfg = Debug|Any CPU
		{FA43AB72-94BB-4901-A2E4-B7884E96DB97}.Debug|Any CPU.Build.0 = Debug|Any CPU
		{FA43AB72-94BB-4901-A2E4-B7884E96DB97}.Debug|x64.ActiveCfg = Debug|Any CPU
		{FA43AB72-94BB-4901-A2E4-B7884E96DB97}.Debug|x64.Build.0 = Debug|Any CPU
		{FA43AB72-94BB-4901-A2E4-B7884E96DB97}.Debug|x86.ActiveCfg = Debug|Any CPU
		{FA43AB72-94BB-4901-A2E4-B7884E96DB97}.Debug|x86.Build.0 = Debug|Any CPU
		{FA43AB72-94BB-4901-A2E4-B7884E96DB97}.Release|Any CPU.ActiveCfg = Release|Any CPU
		{FA43AB72-94BB-4901-A2E4-B7884E96DB97}.Release|Any CPU.Build.0 = Release|Any CPU
		{FA43AB72-94BB-4901-A2E4-B7884E96DB97}.Release|x64.ActiveCfg = Release|Any CPU
		{FA43AB72-94BB-4901-A2E4-B7884E96DB97}.Release|x64.Build.0 = Release|Any CPU
		{FA43AB72-94BB-4901-A2E4-B7884E96DB97}.Release|x86.ActiveCfg = Release|Any CPU
		{FA43AB72-94BB-4901-A2E4-B7884E96DB97}.Release|x86.Build.0 = Release|Any CPU
		{02C93066-7402-6EEF-B8B4-F2C3530F8B99}.Debug|Any CPU.ActiveCfg = Debug|Any CPU
		{02C93066-7402-6EEF-B8B4-F2C3530F8B99}.Debug|Any CPU.Build.0 = Debug|Any CPU
		{02C93066-7402-6EEF-B8B4-F2C3530F8B99}.Debug|x64.ActiveCfg = Debug|Any CPU
		{02C93066-7402-6EEF-B8B4-F2C3530F8B99}.Debug|x64.Build.0 = Debug|Any CPU
		{02C93066-7402-6EEF-B8B4-F2C3530F8B99}.Debug|x86.ActiveCfg = Debug|Any CPU
		{02C93066-7402-6EEF-B8B4-F2C3530F8B99}.Debug|x86.Build.0 = Debug|Any CPU
		{02C93066-7402-6EEF-B8B4-F2C3530F8B99}.Release|Any CPU.ActiveCfg = Release|Any CPU
		{02C93066-7402-6EEF-B8B4-F2C3530F8B99}.Release|Any CPU.Build.0 = Release|Any CPU
		{02C93066-7402-6EEF-B8B4-F2C3530F8B99}.Release|x64.ActiveCfg = Release|Any CPU
		{02C93066-7402-6EEF-B8B4-F2C3530F8B99}.Release|x64.Build.0 = Release|Any CPU
		{02C93066-7402-6EEF-B8B4-F2C3530F8B99}.Release|x86.ActiveCfg = Release|Any CPU
		{02C93066-7402-6EEF-B8B4-F2C3530F8B99}.Release|x86.Build.0 = Release|Any CPU
	EndGlobalSection
	GlobalSection(SolutionProperties) = preSolution
		HideSolutionNode = FALSE
	EndGlobalSection
	GlobalSection(ExtensibilityGlobals) = postSolution
		SolutionGuid = {54665636-C132-4D1B-AFAD-AD6ABE9FF8C9}
	EndGlobalSection
EndGlobal
